
Microsoft Visual Studio Solution File, Format Version 12.00
# Visual Studio Version 17
VisualStudioVersion = 17.5.33530.505
MinimumVisualStudioVersion = 10.0.40219.1
Project("{FAE04EC0-301F-11D3-BF4B-00C04F79EFBC}") = "Iper.CDCCsvSplitter", "Iper.CDCCsvSplitter\Iper.CDCCsvSplitter.csproj", "{7BAD3A2C-18EE-43B6-900E-A55CB4749728}"
EndProject
Global
	GlobalSection(SolutionConfigurationPlatforms) = preSolution
		Debug|Any CPU = Debug|Any CPU
		Release|Any CPU = Release|Any CPU
	EndGlobalSection
	GlobalSection(ProjectConfigurationPlatforms) = postSolution
		{7BAD3A2C-18EE-43B6-900E-A55CB4749728}.Debug|Any CPU.ActiveCfg = Debug|Any CPU
		{7BAD3A2C-18EE-43B6-900E-A55CB4749728}.Debug|Any CPU.Build.0 = Debug|Any CPU
		{7BAD3A2C-18EE-43B6-900E-A55CB4749728}.Release|Any CPU.ActiveCfg = Release|Any CPU
		{7BAD3A2C-18EE-43B6-900E-A55CB4749728}.Release|Any CPU.Build.0 = Release|Any CPU
	EndGlobalSection
	GlobalSection(SolutionProperties) = preSolution
		HideSolutionNode = FALSE
	EndGlobalSection
	GlobalSection(ExtensibilityGlobals) = postSolution
		SolutionGuid = {6C19A74C-497F-482A-849E-4C7B3021B879}
	EndGlobalSection
EndGlobal
